
Microsoft Visual Studio Solution File, Format Version 12.00
# Visual Studio 15
VisualStudioVersion = 15.0.27130.2036
MinimumVisualStudioVersion = 10.0.40219.1
Project("{FAE04EC0-301F-11D3-BF4B-00C04F79EFBC}") = "APIProdutos", "APIProdutos\APIProdutos.csproj", "{FBFB811D-2097-45C1-A736-83C32A7D8D19}"
EndProject
Global
	GlobalSection(SolutionConfigurationPlatforms) = preSolution
		Debug|Any CPU = Debug|Any CPU
		Release|Any CPU = Release|Any CPU
	EndGlobalSection
	GlobalSection(ProjectConfigurationPlatforms) = postSolution
		{FBFB811D-2097-45C1-A736-83C32A7D8D19}.Debug|Any CPU.ActiveCfg = Debug|Any CPU
		{FBFB811D-2097-45C1-A736-83C32A7D8D19}.Debug|Any CPU.Build.0 = Debug|Any CPU
		{FBFB811D-2097-45C1-A736-83C32A7D8D19}.Release|Any CPU.ActiveCfg = Release|Any CPU
		{FBFB811D-2097-45C1-A736-83C32A7D8D19}.Release|Any CPU.Build.0 = Release|Any CPU
	EndGlobalSection
	GlobalSection(SolutionProperties) = preSolution
		HideSolutionNode = FALSE
	EndGlobalSection
	GlobalSection(ExtensibilityGlobals) = postSolution
		SolutionGuid = {F987A950-FB82-4AA4-B3BA-8BF2790D709C}
	EndGlobalSection
EndGlobal
